
Microsoft Visual Studio Solution File, Format Version 12.00
# Visual Studio Version 17
VisualStudioVersion = 17.9.34728.123
MinimumVisualStudioVersion = 10.0.40219.1
Project("{FAE04EC0-301F-11D3-BF4B-00C04F79EFBC}") = "Abax1", "Abax1.csproj", "{DCF17B91-E6CC-4964-B20A-5D4BAB348997}"
EndProject
Global
	GlobalSection(SolutionConfigurationPlatforms) = preSolution
		Debug|Any CPU = Debug|Any CPU
		Release|Any CPU = Release|Any CPU
	EndGlobalSection
	GlobalSection(ProjectConfigurationPlatforms) = postSolution
		{DCF17B91-E6CC-4964-B20A-5D4BAB348997}.Debug|Any CPU.ActiveCfg = Debug|Any CPU
		{DCF17B91-E6CC-4964-B20A-5D4BAB348997}.Debug|Any CPU.Build.0 = Debug|Any CPU
		{DCF17B91-E6CC-4964-B20A-5D4BAB348997}.Release|Any CPU.ActiveCfg = Release|Any CPU
		{DCF17B91-E6CC-4964-B20A-5D4BAB348997}.Release|Any CPU.Build.0 = Release|Any CPU
	EndGlobalSection
	GlobalSection(SolutionProperties) = preSolution
		HideSolutionNode = FALSE
	EndGlobalSection
	GlobalSection(ExtensibilityGlobals) = postSolution
		SolutionGuid = {5B235E23-3D4D-4BAF-8124-9D0728818EC7}
	EndGlobalSection
EndGlobal
