
Microsoft Visual Studio Solution File, Format Version 12.00
# Visual Studio Version 17
VisualStudioVersion = 17.9.34728.123
MinimumVisualStudioVersion = 10.0.40219.1
Project("{FAE04EC0-301F-11D3-BF4B-00C04F79EFBC}") = "Abax", "Abax.csproj", "{B582FC52-8FED-46B5-A449-6DBA498EBF90}"
EndProject
Global
	GlobalSection(SolutionConfigurationPlatforms) = preSolution
		Debug|Any CPU = Debug|Any CPU
		Release|Any CPU = Release|Any CPU
	EndGlobalSection
	GlobalSection(ProjectConfigurationPlatforms) = postSolution
		{B582FC52-8FED-46B5-A449-6DBA498EBF90}.Debug|Any CPU.ActiveCfg = Debug|Any CPU
		{B582FC52-8FED-46B5-A449-6DBA498EBF90}.Debug|Any CPU.Build.0 = Debug|Any CPU
		{B582FC52-8FED-46B5-A449-6DBA498EBF90}.Release|Any CPU.ActiveCfg = Release|Any CPU
		{B582FC52-8FED-46B5-A449-6DBA498EBF90}.Release|Any CPU.Build.0 = Release|Any CPU
	EndGlobalSection
	GlobalSection(SolutionProperties) = preSolution
		HideSolutionNode = FALSE
	EndGlobalSection
	GlobalSection(ExtensibilityGlobals) = postSolution
		SolutionGuid = {ECDC0E40-D873-4921-A1E9-AE53C26C1150}
	EndGlobalSection
EndGlobal
